
Microsoft Visual Studio Solution File, Format Version 12.00
# Visual Studio 15
VisualStudioVersion = 15.0.28010.2048
MinimumVisualStudioVersion = 10.0.40219.1
Project("{FAE04EC0-301F-11D3-BF4B-00C04F79EFBC}") = "probando-git", "probando-git\probando-git.csproj", "{916E1BF7-21F2-40DD-9A80-0A206253B165}"
EndProject
Global
	GlobalSection(SolutionConfigurationPlatforms) = preSolution
		Debug|Any CPU = Debug|Any CPU
		Release|Any CPU = Release|Any CPU
	EndGlobalSection
	GlobalSection(ProjectConfigurationPlatforms) = postSolution
		{916E1BF7-21F2-40DD-9A80-0A206253B165}.Debug|Any CPU.ActiveCfg = Debug|Any CPU
		{916E1BF7-21F2-40DD-9A80-0A206253B165}.Debug|Any CPU.Build.0 = Debug|Any CPU
		{916E1BF7-21F2-40DD-9A80-0A206253B165}.Release|Any CPU.ActiveCfg = Release|Any CPU
		{916E1BF7-21F2-40DD-9A80-0A206253B165}.Release|Any CPU.Build.0 = Release|Any CPU
	EndGlobalSection
	GlobalSection(SolutionProperties) = preSolution
		HideSolutionNode = FALSE
	EndGlobalSection
	GlobalSection(ExtensibilityGlobals) = postSolution
		SolutionGuid = {C8D08BBE-1E09-49D5-B1D6-9CA87A6F23D6}
	EndGlobalSection
EndGlobal
